
Microsoft Visual Studio Solution File, Format Version 12.00
# Visual Studio Version 17
VisualStudioVersion = 17.10.35122.118
MinimumVisualStudioVersion = 10.0.40219.1
Project("{9A19103F-16F7-4668-BE54-9A1E7A4F7556}") = "KernelDriverLib", "KernelDriverLib.csproj", "{14E59E4F-D1EB-4CE6-A8B6-C1CDCE092187}"
EndProject
Global
	GlobalSection(SolutionConfigurationPlatforms) = preSolution
		Debug|Any CPU = Debug|Any CPU
		Release|Any CPU = Release|Any CPU
	EndGlobalSection
	GlobalSection(ProjectConfigurationPlatforms) = postSolution
		{14E59E4F-D1EB-4CE6-A8B6-C1CDCE092187}.Debug|Any CPU.ActiveCfg = Debug|Any CPU
		{14E59E4F-D1EB-4CE6-A8B6-C1CDCE092187}.Debug|Any CPU.Build.0 = Debug|Any CPU
		{14E59E4F-D1EB-4CE6-A8B6-C1CDCE092187}.Release|Any CPU.ActiveCfg = Release|Any CPU
		{14E59E4F-D1EB-4CE6-A8B6-C1CDCE092187}.Release|Any CPU.Build.0 = Release|Any CPU
	EndGlobalSection
	GlobalSection(SolutionProperties) = preSolution
		HideSolutionNode = FALSE
	EndGlobalSection
	GlobalSection(ExtensibilityGlobals) = postSolution
		SolutionGuid = {CBF282A8-B871-4033-92ED-EA12F0DC54C3}
	EndGlobalSection
EndGlobal
